{
  "version": 1,
  "dependencies": {
    "net7.0-windows7.0": {
      "DalamudPackager": {
        "type": "Direct",
        "requested": "[2.1.10, )",
        "resolved": "2.1.10",
        "contentHash": "S6NrvvOnLgT4GDdgwuKVJjbFo+8ZEj+JsEYk9ojjOR/MMfv1dIFpT8aRJQfI24rtDcw1uF+GnSSMN4WW1yt7fw=="
      },
      "JetBrains.Annotations": {
        "type": "Direct",
        "requested": "[2022.3.1, )",
        "resolved": "2022.3.1",
        "contentHash": "11nsS3+lFICGkztVs9PP2NRItxf9fF+qD6xEW/T0YGto52zj07wseUeBdMAU1ah9HNVTDZyRC1u4NWdtJScwhw=="
      },
      "NAudio.Wasapi": {
        "type": "Direct",
        "requested": "[2.1.0, )",
        "resolved": "2.1.0",
        "contentHash": "Zp/8l79aYQEu7/HfzXWVpqyIwRUPgsvCj/Qx+pR6ykJxvwjqOoUfMiEG9US1wW4d7PEzT5ZBIL+cp90t6HNNiw==",
        "dependencies": {
          "NAudio.Core": "2.1.0"
        }
      },
      "Sledge.Formats.Packages": {
        "type": "Direct",
        "requested": "[1.0.1, )",
        "resolved": "1.0.1",
        "contentHash": "C5LDOMQTed0yYQFud42zpH2G+k9ro9fsRi3VH5sWgRpYRnzd9ds8TKjDTZX+5ISRLRDih96iUIYnK7Gco1w50Q==",
        "dependencies": {
          "Sledge.Formats": "1.0.1"
        }
      },
      "Sledge.Formats.Texture": {
        "type": "Direct",
        "requested": "[1.0.3, )",
        "resolved": "1.0.3",
        "contentHash": "aeHJOxY0GkLZb7E7wzMgFfs94yTCzVqfEXoNrXwyFfN0KMZYYv6lZOcDjJjuDWUr3FBn+jmxOLLC2c1X5cjOrw==",
        "dependencies": {
          "Sledge.Formats": "1.0.9"
        }
      },
      "NAudio.Core": {
        "type": "Transitive",
        "resolved": "2.1.0",
        "contentHash": "0iowfmolibU4KxjaC/s7lox/BeDg76UVvXtCuCzRiNpylVndqsxXxp+bVWFrpv0KzQDIKLxZrnDmYENlAI0u9g=="
      },
      "Sledge.Formats": {
        "type": "Transitive",
        "resolved": "1.0.9",
        "contentHash": "HHhQ84wbafGtV0s+GiX/4a6hv3zNnhCp9p4YFT3BV1BPDNNweAlmoy91+JUsMb1p+cWqNj1lovSIrhKbAxcLvg==",
        "dependencies": {
          "System.Numerics.Vectors": "4.5.0"
        }
      },
      "System.Numerics.Vectors": {
        "type": "Transitive",
        "resolved": "4.5.0",
        "contentHash": "QQTlPTl06J/iiDbJCiepZ4H//BVraReU4O4EoRw1U02H5TLUIT7xn3GnDp9AXPSlJUDyFs4uWjWafNX6WrAojQ=="
      },
      "kamilib": {
        "type": "Project"
      }
    }
  }
}